// !$*UTF8*$!
{
	archiveVersion = 1;
	classes = {
	};
	objectVersion = 46;
	objects = {

/* Begin PBXBuildFile section */
		BDB1CD051E7A1B260024648A /* AppDelegate.swift in Sources */ = {isa = PBXBuildFile; fileRef = BDB1CD041E7A1B260024648A /* AppDelegate.swift */; };
		BDB1CD071E7A1B260024648A /* ViewController.swift in Sources */ = {isa = PBXBuildFile; fileRef = BDB1CD061E7A1B260024648A /* ViewController.swift */; };
		BDB1CD0A1E7A1B260024648A /* Main.storyboard in Resources */ = {isa = PBXBuildFile; fileRef = BDB1CD081E7A1B260024648A /* Main.storyboard */; };
		BDB1CD0C1E7A1B260024648A /* Assets.xcassets in Resources */ = {isa = PBXBuildFile; fileRef = BDB1CD0B1E7A1B260024648A /* Assets.xcassets */; };
		BDB1CD0F1E7A1B260024648A /* LaunchScreen.storyboard in Resources */ = {isa = PBXBuildFile; fileRef = BDB1CD0D1E7A1B260024648A /* LaunchScreen.storyboard */; };
		D5A2903ECED64B82AA1097FB /* Pods_RxPlayground.framework in Frameworks */ = {isa = PBXBuildFile; fileRef = 74B8BCA331E32078B79C5D2C /* Pods_RxPlayground.framework */; };
/* End PBXBuildFile section */

/* Begin PBXFileReference section */
		70FA688B091C737F8EF0684E /* Pods-RxPlayground.debug.xcconfig */ = {isa = PBXFileReference; includeInIndex = 1; lastKnownFileType = text.xcconfig; name = "Pods-RxPlayground.debug.xcconfig"; path = "Pods/Target Support Files/Pods-RxPlayground/Pods-RxPlayground.debug.xcconfig"; sourceTree = "<group>"; };
		719411B163F2E1F8EC114745 /* Pods-RxPlayground.release.xcconfig */ = {isa = PBXFileReference; includeInIndex = 1; lastKnownFileType = text.xcconfig; name = "Pods-RxPlayground.release.xcconfig"; path = "Pods/Target Support Files/Pods-RxPlayground/Pods-RxPlayground.release.xcconfig"; sourceTree = "<group>"; };
		74B8BCA331E32078B79C5D2C /* Pods_RxPlayground.framework */ = {isa = PBXFileReference; explicitFileType = wrapper.framework; includeInIndex = 0; path = Pods_RxPlayground.framework; sourceTree = BUILT_PRODUCTS_DIR; };
		BD09EDEB1E98CF1700E1F453 /* Compare.playground */ = {isa = PBXFileReference; lastKnownFileType = file.playground; path = Compare.playground; sourceTree = "<group>"; };
		BDB1CD011E7A1B260024648A /* RxPlayground.app */ = {isa = PBXFileReference; explicitFileType = wrapper.application; includeInIndex = 0; path = RxPlayground.app; sourceTree = BUILT_PRODUCTS_DIR; };
		BDB1CD041E7A1B260024648A /* AppDelegate.swift */ = {isa = PBXFileReference; lastKnownFileType = sourcecode.swift; path = AppDelegate.swift; sourceTree = "<group>"; };
		BDB1CD061E7A1B260024648A /* ViewController.swift */ = {isa = PBXFileReference; lastKnownFileType = sourcecode.swift; path = ViewController.swift; sourceTree = "<group>"; };
		BDB1CD091E7A1B260024648A /* Base */ = {isa = PBXFileReference; lastKnownFileType = file.storyboard; name = Base; path = Base.lproj/Main.storyboard; sourceTree = "<group>"; };
		BDB1CD0B1E7A1B260024648A /* Assets.xcassets */ = {isa = PBXFileReference; lastKnownFileType = folder.assetcatalog; path = Assets.xcassets; sourceTree = "<group>"; };
		BDB1CD0E1E7A1B260024648A /* Base */ = {isa = PBXFileReference; lastKnownFileType = file.storyboard; name = Base; path = Base.lproj/LaunchScreen.storyboard; sourceTree = "<group>"; };
		BDB1CD101E7A1B260024648A /* Info.plist */ = {isa = PBXFileReference; lastKnownFileType = text.plist.xml; path = Info.plist; sourceTree = "<group>"; };
		BDB1CD161E7A1B980024648A /* RxPlaygound.playground */ = {isa = PBXFileReference; lastKnownFileType = file.playground; path = RxPlaygound.playground; sourceTree = "<group>"; };
/* End PBXFileReference section */

/* Begin PBXFrameworksBuildPhase section */
		BDB1CCFE1E7A1B260024648A /* Frameworks */ = {
			isa = PBXFrameworksBuildPhase;
			buildActionMask = 2147483647;
			files = (
				D5A2903ECED64B82AA1097FB /* Pods_RxPlayground.framework in Frameworks */,
			);
			runOnlyForDeploymentPostprocessing = 0;
		};
/* End PBXFrameworksBuildPhase section */

/* Begin PBXGroup section */
		2159E60B37CB142AC44CE4C4 /* Frameworks */ = {
			isa = PBXGroup;
			children = (
				74B8BCA331E32078B79C5D2C /* Pods_RxPlayground.framework */,
			);
			name = Frameworks;
			sourceTree = "<group>";
		};
		BDB1CCF81E7A1B260024648A = {
			isa = PBXGroup;
			children = (
				BDB1CD031E7A1B260024648A /* RxPlayground */,
				BDB1CD021E7A1B260024648A /* Products */,
				CA28057E7CEADC7AC9A58978 /* Pods */,
				2159E60B37CB142AC44CE4C4 /* Frameworks */,
			);
			sourceTree = "<group>";
		};
		BDB1CD021E7A1B260024648A /* Products */ = {
			isa = PBXGroup;
			children = (
				BDB1CD011E7A1B260024648A /* RxPlayground.app */,
			);
			name = Products;
			sourceTree = "<group>";
		};
		BDB1CD031E7A1B260024648A /* RxPlayground */ = {
			isa = PBXGroup;
			children = (
				BDB1CD041E7A1B260024648A /* AppDelegate.swift */,
				BDB1CD061E7A1B260024648A /* ViewController.swift */,
				BDB1CD081E7A1B260024648A /* Main.storyboard */,
				BDB1CD0B1E7A1B260024648A /* Assets.xcassets */,
				BDB1CD0D1E7A1B260024648A /* LaunchScreen.storyboard */,
				BDB1CD101E7A1B260024648A /* Info.plist */,
				BD09EDEB1E98CF1700E1F453 /* Compare.playground */,
				BDB1CD161E7A1B980024648A /* RxPlaygound.playground */,
			);
			path = RxPlayground;
			sourceTree = "<group>";
		};
		CA28057E7CEADC7AC9A58978 /* Pods */ = {
			isa = PBXGroup;
			children = (
				70FA688B091C737F8EF0684E /* Pods-RxPlayground.debug.xcconfig */,
				719411B163F2E1F8EC114745 /* Pods-RxPlayground.release.xcconfig */,
			);
			name = Pods;
			sourceTree = "<group>";
		};
/* End PBXGroup section */

/* Begin PBXNativeTarget section */
		BDB1CD001E7A1B260024648A /* RxPlayground */ = {
			isa = PBXNativeTarget;
			buildConfigurationList = BDB1CD131E7A1B260024648A /* Build configuration list for PBXNativeTarget "RxPlayground" */;
			buildPhases = (
				94DD5E5447B5972B90A1F3B0 /* [CP] Check Pods Manifest.lock */,
				BDB1CCFD1E7A1B260024648A /* Sources */,
				BDB1CCFE1E7A1B260024648A /* Frameworks */,
				BDB1CCFF1E7A1B260024648A /* Resources */,
				2095CC4E4CEDEA950E61537D /* [CP] Embed Pods Frameworks */,
				E9B77E826881EA576D93E46C /* [CP] Copy Pods Resources */,
			);
			buildRules = (
			);
			dependencies = (
			);
			name = RxPlayground;
			productName = RxPlayground;
			productReference = BDB1CD011E7A1B260024648A /* RxPlayground.app */;
			productType = "com.apple.product-type.application";
		};
/* End PBXNativeTarget section */

/* Begin PBXProject section */
		BDB1CCF91E7A1B260024648A /* Project object */ = {
			isa = PBXProject;
			attributes = {
				LastSwiftUpdateCheck = 0820;
				LastUpgradeCheck = 0820;
				ORGANIZATIONNAME = 3lang;
				TargetAttributes = {
					BDB1CD001E7A1B260024648A = {
						CreatedOnToolsVersion = 8.2.1;
						DevelopmentTeam = L8JSZE99NB;
						ProvisioningStyle = Automatic;
					};
				};
			};
			buildConfigurationList = BDB1CCFC1E7A1B260024648A /* Build configuration list for PBXProject "RxPlayground" */;
			compatibilityVersion = "Xcode 3.2";
			developmentRegion = English;
			hasScannedForEncodings = 0;
			knownRegions = (
				en,
				Base,
			);
			mainGroup = BDB1CCF81E7A1B260024648A;
			productRefGroup = BDB1CD021E7A1B260024648A /* Products */;
			projectDirPath = "";
			projectRoot = "";
			targets = (
				BDB1CD001E7A1B260024648A /* RxPlayground */,
			);
		};
/* End PBXProject section */

/* Begin PBXResourcesBuildPhase section */
		BDB1CCFF1E7A1B260024648A /* Resources */ = {
			isa = PBXResourcesBuildPhase;
			buildActionMask = 2147483647;
			files = (
				BDB1CD0F1E7A1B260024648A /* LaunchScreen.storyboard in Resources */,
				BDB1CD0C1E7A1B260024648A /* Assets.xcassets in Resources */,
				BDB1CD0A1E7A1B260024648A /* Main.storyboard in Resources */,
			);
			runOnlyForDeploymentPostprocessing = 0;
		};
/* End PBXResourcesBuildPhase section */

/* Begin PBXShellScriptBuildPhase section */
		2095CC4E4CEDEA950E61537D /* [CP] Embed Pods Frameworks */ = {
			isa = PBXShellScriptBuildPhase;
			buildActionMask = 2147483647;
			files = (
			);
			inputPaths = (
			);
			name = "[CP] Embed Pods Frameworks";
			outputPaths = (
			);
			runOnlyForDeploymentPostprocessing = 0;
			shellPath = /bin/sh;
			shellScript = "\"${SRCROOT}/Pods/Target Support Files/Pods-RxPlayground/Pods-RxPlayground-frameworks.sh\"\n";
			showEnvVarsInLog = 0;
		};
		94DD5E5447B5972B90A1F3B0 /* [CP] Check Pods Manifest.lock */ = {
			isa = PBXShellScriptBuildPhase;
			buildActionMask = 2147483647;
			files = (
			);
			inputPaths = (
			);
			name = "[CP] Check Pods Manifest.lock";
			outputPaths = (
			);
			runOnlyForDeploymentPostprocessing = 0;
			shellPath = /bin/sh;
			shellScript = "diff \"${PODS_ROOT}/../Podfile.lock\" \"${PODS_ROOT}/Manifest.lock\" > /dev/null\nif [ $? != 0 ] ; then\n    # print error to STDERR\n    echo \"error: The sandbox is not in sync with the Podfile.lock. Run 'pod install' or update your CocoaPods installation.\" >&2\n    exit 1\nfi\n";
			showEnvVarsInLog = 0;
		};
		E9B77E826881EA576D93E46C /* [CP] Copy Pods Resources */ = {
			isa = PBXShellScriptBuildPhase;
			buildActionMask = 2147483647;
			files = (
			);
			inputPaths = (
			);
			name = "[CP] Copy Pods Resources";
			outputPaths = (
			);
			runOnlyForDeploymentPostprocessing = 0;
			shellPath = /bin/sh;
			shellScript = "\"${SRCROOT}/Pods/Target Support Files/Pods-RxPlayground/Pods-RxPlayground-resources.sh\"\n";
			showEnvVarsInLog = 0;
		};
/* End PBXShellScriptBuildPhase section */

/* Begin PBXSourcesBuildPhase section */
		BDB1CCFD1E7A1B260024648A /* Sources */ = {
			isa = PBXSourcesBuildPhase;
			buildActionMask = 2147483647;
			files = (
				BDB1CD071E7A1B260024648A /* ViewController.swift in Sources */,
				BDB1CD051E7A1B260024648A /* AppDelegate.swift in Sources */,
			);
			runOnlyForDeploymentPostprocessing = 0;
		};
/* End PBXSourcesBuildPhase section */

/* Begin PBXVariantGroup section */
		BDB1CD081E7A1B260024648A /* Main.storyboard */ = {
			isa = PBXVariantGroup;
			children = (
				BDB1CD091E7A1B260024648A /* Base */,
			);
			name = Main.storyboard;
			sourceTree = "<group>";
		};
		BDB1CD0D1E7A1B260024648A /* LaunchScreen.storyboard */ = {
			isa = PBXVariantGroup;
			children = (
				BDB1CD0E1E7A1B260024648A /* Base */,
			);
			name = LaunchScreen.storyboard;
			sourceTree = "<group>";
		};
/* End PBXVariantGroup section */

/* Begin XCBuildConfiguration section */
		BDB1CD111E7A1B260024648A /* Debug */ = {
			isa = XCBuildConfiguration;
			buildSettings = {
				ALWAYS_SEARCH_USER_PATHS = NO;
				CLANG_ANALYZER_NONNULL = YES;
				CLANG_CXX_LANGUAGE_STANDARD = "gnu++0x";
				CLANG_CXX_LIBRARY = "libc++";
				CLANG_ENABLE_MODULES = YES;
				CLANG_ENABLE_OBJC_ARC = YES;
				CLANG_WARN_BOOL_CONVERSION = YES;
				CLANG_WARN_CONSTANT_CONVERSION = YES;
				CLANG_WARN_DIRECT_OBJC_ISA_USAGE = YES_ERROR;
				CLANG_WARN_DOCUMENTATION_COMMENTS = YES;
				CLANG_WARN_EMPTY_BODY = YES;
				CLANG_WARN_ENUM_CONVERSION = YES;
				CLANG_WARN_INFINITE_RECURSION = YES;
				CLANG_WARN_INT_CONVERSION = YES;
				CLANG_WARN_OBJC_ROOT_CLASS = YES_ERROR;
				CLANG_WARN_SUSPICIOUS_MOVE = YES;
				CLANG_WARN_UNREACHABLE_CODE = YES;
				CLANG_WARN__DUPLICATE_METHOD_MATCH = YES;
				"CODE_SIGN_IDENTITY[sdk=iphoneos*]" = "iPhone Developer";
				COPY_PHASE_STRIP = NO;
				DEBUG_INFORMATION_FORMAT = dwarf;
				ENABLE_STRICT_OBJC_MSGSEND = YES;
				ENABLE_TESTABILITY = YES;
				GCC_C_LANGUAGE_STANDARD = gnu99;
				GCC_DYNAMIC_NO_PIC = NO;
				GCC_NO_COMMON_BLOCKS = YES;
				GCC_OPTIMIZATION_LEVEL = 0;
				GCC_PREPROCESSOR_DEFINITIONS = (
					"DEBUG=1",
					"$(inherited)",
				);
				GCC_WARN_64_TO_32_BIT_CONVERSION = YES;
				GCC_WARN_ABOUT_RETURN_TYPE = YES_ERROR;
				GCC_WARN_UNDECLARED_SELECTOR = YES;
				GCC_WARN_UNINITIALIZED_AUTOS = YES_AGGRESSIVE;
				GCC_WARN_UNUSED_FUNCTION = YES;
				GCC_WARN_UNUSED_VARIABLE = YES;
				IPHONEOS_DEPLOYMENT_TARGET = 10.2;
				MTL_ENABLE_DEBUG_INFO = YES;
				ONLY_ACTIVE_ARCH = YES;
				SDKROOT = iphoneos;
				SWIFT_ACTIVE_COMPILATION_CONDITIONS = DEBUG;
				SWIFT_OPTIMIZATION_LEVEL = "-Onone";
				TARGETED_DEVICE_FAMILY = "1,2";
			};
			name = Debug;
		};
		BDB1CD121E7A1B260024648A /* Release */ = {
			isa = XCBuildConfiguration;
			buildSettings = {
				ALWAYS_SEARCH_USER_PATHS = NO;
				CLANG_ANALYZER_NONNULL = YES;
				CLANG_CXX_LANGUAGE_STANDARD = "gnu++0x";
				CLANG_CXX_LIBRARY = "libc++";
				CLANG_ENABLE_MODULES = YES;
				CLANG_ENABLE_OBJC_ARC = YES;
				CLANG_WARN_BOOL_CONVERSION = YES;
				CLANG_WARN_CONSTANT_CONVERSION = YES;
				CLANG_WARN_DIRECT_OBJC_ISA_USAGE = YES_ERROR;
				CLANG_WARN_DOCUMENTATION_COMMENTS = YES;
				CLANG_WARN_EMPTY_BODY = YES;
				CLANG_WARN_ENUM_CONVERSION = YES;
				CLANG_WARN_INFINITE_RECURSION = YES;
				CLANG_WARN_INT_CONVERSION = YES;
				CLANG_WARN_OBJC_ROOT_CLASS = YES_ERROR;
				CLANG_WARN_SUSPICIOUS_MOVE = YES;
				CLANG_WARN_UNREACHABLE_CODE = YES;
				CLANG_WARN__DUPLICATE_METHOD_MATCH = YES;
				"CODE_SIGN_IDENTITY[sdk=iphoneos*]" = "iPhone Developer";
				COPY_PHASE_STRIP = NO;
				DEBUG_INFORMATION_FORMAT = "dwarf-with-dsym";
				ENABLE_NS_ASSERTIONS = NO;
				ENABLE_STRICT_OBJC_MSGSEND = YES;
				GCC_C_LANGUAGE_STANDARD = gnu99;
				GCC_NO_COMMON_BLOCKS = YES;
				GCC_WARN_64_TO_32_BIT_CONVERSION = YES;
				GCC_WARN_ABOUT_RETURN_TYPE = YES_ERROR;
				GCC_WARN_UNDECLARED_SELECTOR = YES;
				GCC_WARN_UNINITIALIZED_AUTOS = YES_AGGRESSIVE;
				GCC_WARN_UNUSED_FUNCTION = YES;
				GCC_WARN_UNUSED_VARIABLE = YES;
				IPHONEOS_DEPLOYMENT_TARGET = 10.2;
				MTL_ENABLE_DEBUG_INFO = NO;
				SDKROOT = iphoneos;
				SWIFT_OPTIMIZATION_LEVEL = "-Owholemodule";
				TARGETED_DEVICE_FAMILY = "1,2";
				VALIDATE_PRODUCT = YES;
			};
			name = Release;
		};
		BDB1CD141E7A1B260024648A /* Debug */ = {
			isa = XCBuildConfiguration;
			baseConfigurationReference = 70FA688B091C737F8EF0684E /* Pods-RxPlayground.debug.xcconfig */;
			buildSettings = {
				ASSETCATALOG_COMPILER_APPICON_NAME = AppIcon;
				DEVELOPMENT_TEAM = L8JSZE99NB;
				INFOPLIST_FILE = RxPlayground/Info.plist;
				LD_RUNPATH_SEARCH_PATHS = "$(inherited) @executable_path/Frameworks";
				PRODUCT_BUNDLE_IDENTIFIER = in.riverflows.RxPlayground;
				PRODUCT_NAME = "$(TARGET_NAME)";
				SWIFT_VERSION = 3.0;
			};
			name = Debug;
		};
		BDB1CD151E7A1B260024648A /* Release */ = {
			isa = XCBuildConfiguration;
			baseConfigurationReference = 719411B163F2E1F8EC114745 /* Pods-RxPlayground.release.xcconfig */;
			buildSettings = {
				ASSETCATALOG_COMPILER_APPICON_NAME = AppIcon;
				DEVELOPMENT_TEAM = L8JSZE99NB;
				INFOPLIST_FILE = RxPlayground/Info.plist;
				LD_RUNPATH_SEARCH_PATHS = "$(inherited) @executable_path/Frameworks";
				PRODUCT_BUNDLE_IDENTIFIER = in.riverflows.RxPlayground;
				PRODUCT_NAME = "$(TARGET_NAME)";
				SWIFT_VERSION = 3.0;
			};
			name = Release;
		};
/* End XCBuildConfiguration section */

/* Begin XCConfigurationList section */
		BDB1CCFC1E7A1B260024648A /* Build configuration list for PBXProject "RxPlayground" */ = {
			isa = XCConfigurationList;
			buildConfigurations = (
				BDB1CD111E7A1B260024648A /* Debug */,
				BDB1CD121E7A1B260024648A /* Release */,
			);
			defaultConfigurationIsVisible = 0;
			defaultConfigurationName = Release;
		};
		BDB1CD131E7A1B260024648A /* Build configuration list for PBXNativeTarget "RxPlayground" */ = {
			isa = XCConfigurationList;
			buildConfigurations = (
				BDB1CD141E7A1B260024648A /* Debug */,
				BDB1CD151E7A1B260024648A /* Release */,
			);
			defaultConfigurationIsVisible = 0;
			defaultConfigurationName = Release;
		};
/* End XCConfigurationList section */
	};
	rootObject = BDB1CCF91E7A1B260024648A /* Project object */;
}
